// !$*UTF8*$!
{
	archiveVersion = 1;
	classes = {
	};
	objectVersion = 46;
	objects = {

/* Begin PBXBuildFile section */
		50FE5E4650F8F014D0EAB740 /* Pods_The_Chua.framework in Frameworks */ = {isa = PBXBuildFile; fileRef = 325E8F98EDC28995605F26A6 /* Pods_The_Chua.framework */; };
		5602308C1CF31BB2005ECBA5 /* TimeOut.swift in Sources */ = {isa = PBXBuildFile; fileRef = 5602308B1CF31BB2005ECBA5 /* TimeOut.swift */; };
		5602308E1CF33E48005ECBA5 /* CardsModel.swift in Sources */ = {isa = PBXBuildFile; fileRef = 5602308D1CF33E48005ECBA5 /* CardsModel.swift */; };
		56041CFF1CD5CDFA00CA1F82 /* CoreData.xcdatamodeld in Sources */ = {isa = PBXBuildFile; fileRef = 56041CFD1CD5CDFA00CA1F82 /* CoreData.xcdatamodeld */; };
		560FC5811CB7B99300625010 /* PostMethod.swift in Sources */ = {isa = PBXBuildFile; fileRef = 560FC5801CB7B99300625010 /* PostMethod.swift */; };
		5611624E1CCF7F980040E2EF /* UpdatePoint.swift in Sources */ = {isa = PBXBuildFile; fileRef = 5611624D1CCF7F980040E2EF /* UpdatePoint.swift */; };
		561BC3F51D117D300031B386 /* FBSDKCoreKit.framework in Frameworks */ = {isa = PBXBuildFile; fileRef = 561BC3F21D117D300031B386 /* FBSDKCoreKit.framework */; };
		561BC3F61D117D300031B386 /* FBSDKLoginKit.framework in Frameworks */ = {isa = PBXBuildFile; fileRef = 561BC3F31D117D300031B386 /* FBSDKLoginKit.framework */; };
		561BC3F71D117D300031B386 /* FBSDKShareKit.framework in Frameworks */ = {isa = PBXBuildFile; fileRef = 561BC3F41D117D300031B386 /* FBSDKShareKit.framework */; };
		5625F02B1CDD93B500316B85 /* Loading.swift in Sources */ = {isa = PBXBuildFile; fileRef = 5625F02A1CDD93B500316B85 /* Loading.swift */; };
		5644EA751D08FF19006DB482 /* RRSViewController.swift in Sources */ = {isa = PBXBuildFile; fileRef = 5644EA741D08FF19006DB482 /* RRSViewController.swift */; };
		5644EA801D091884006DB482 /* RRSTableViewCell.swift in Sources */ = {isa = PBXBuildFile; fileRef = 5644EA7E1D091884006DB482 /* RRSTableViewCell.swift */; };
		5644EA811D091884006DB482 /* RRSTableViewCell.xib in Resources */ = {isa = PBXBuildFile; fileRef = 5644EA7F1D091884006DB482 /* RRSTableViewCell.xib */; };
		564AA41C1C9FE16F00ACC2C6 /* OffersView.xib in Resources */ = {isa = PBXBuildFile; fileRef = 564AA41B1C9FE16F00ACC2C6 /* OffersView.xib */; };
		564AA41E1C9FE63500ACC2C6 /* OffersViewTableViewCell.swift in Sources */ = {isa = PBXBuildFile; fileRef = 564AA41D1C9FE63500ACC2C6 /* OffersViewTableViewCell.swift */; };
		5661236D1C9D334C00DD6E2E /* AppDelegate.swift in Sources */ = {isa = PBXBuildFile; fileRef = 5661236C1C9D334C00DD6E2E /* AppDelegate.swift */; };
		5661236F1C9D334C00DD6E2E /* SanxuViewController.swift in Sources */ = {isa = PBXBuildFile; fileRef = 5661236E1C9D334C00DD6E2E /* SanxuViewController.swift */; };
		566123721C9D334C00DD6E2E /* Main.storyboard in Resources */ = {isa = PBXBuildFile; fileRef = 566123701C9D334C00DD6E2E /* Main.storyboard */; };
		566123741C9D334C00DD6E2E /* Assets.xcassets in Resources */ = {isa = PBXBuildFile; fileRef = 566123731C9D334C00DD6E2E /* Assets.xcassets */; };
		566123821C9D334C00DD6E2E /* TheChuaTests.swift in Sources */ = {isa = PBXBuildFile; fileRef = 566123811C9D334C00DD6E2E /* TheChuaTests.swift */; };
		5661238D1C9D334C00DD6E2E /* TheChuaUITests.swift in Sources */ = {isa = PBXBuildFile; fileRef = 5661238C1C9D334C00DD6E2E /* TheChuaUITests.swift */; };
		566146011CDB813D0042E103 /* CheckConnection.swift in Sources */ = {isa = PBXBuildFile; fileRef = 566146001CDB813D0042E103 /* CheckConnection.swift */; };
		5661460C1CDB93F60042E103 /* LichsunhanxuCustomTableViewCell.xib in Resources */ = {isa = PBXBuildFile; fileRef = 5661460B1CDB93F60042E103 /* LichsunhanxuCustomTableViewCell.xib */; };
		5661460E1CDB95430042E103 /* LichsunhanxuTableViewCell.swift in Sources */ = {isa = PBXBuildFile; fileRef = 5661460D1CDB95430042E103 /* LichsunhanxuTableViewCell.swift */; };
		566146101CDB957C0042E103 /* LichsunhanxuViewController.swift in Sources */ = {isa = PBXBuildFile; fileRef = 5661460F1CDB957C0042E103 /* LichsunhanxuViewController.swift */; };
		566146121CDC3EF30042E103 /* LichsudoiquaModel.swift in Sources */ = {isa = PBXBuildFile; fileRef = 566146111CDC3EF30042E103 /* LichsudoiquaModel.swift */; };
		566146161CDCF1350042E103 /* HistoryRedeemViewController.swift in Sources */ = {isa = PBXBuildFile; fileRef = 566146151CDCF1350042E103 /* HistoryRedeemViewController.swift */; };
		566146191CDCF5720042E103 /* HistoryRedeemTableViewCell.swift in Sources */ = {isa = PBXBuildFile; fileRef = 566146171CDCF5720042E103 /* HistoryRedeemTableViewCell.swift */; };
		5661461A1CDCF5720042E103 /* HistoryRedeemTableViewCell.xib in Resources */ = {isa = PBXBuildFile; fileRef = 566146181CDCF5720042E103 /* HistoryRedeemTableViewCell.xib */; };
		5670B5BA1D0FF290004F8C3A /* GoogleService-Info.plist in Resources */ = {isa = PBXBuildFile; fileRef = 5670B5B91D0FF290004F8C3A /* GoogleService-Info.plist */; };
		5670B5BB1D0FF290004F8C3A /* GoogleService-Info.plist in Resources */ = {isa = PBXBuildFile; fileRef = 5670B5B91D0FF290004F8C3A /* GoogleService-Info.plist */; };
		5670B5BC1D0FF290004F8C3A /* GoogleService-Info.plist in Resources */ = {isa = PBXBuildFile; fileRef = 5670B5B91D0FF290004F8C3A /* GoogleService-Info.plist */; };
		569ABB5B1C9F07AC003EE03D /* SanxuCustomTableViewHeaderFooterView.swift in Sources */ = {isa = PBXBuildFile; fileRef = 569ABB5A1C9F07AC003EE03D /* SanxuCustomTableViewHeaderFooterView.swift */; };
		569ABB5D1C9F11FE003EE03D /* SanxuCustomTableViewHeaderFooterView.xib in Resources */ = {isa = PBXBuildFile; fileRef = 569ABB5C1C9F11FE003EE03D /* SanxuCustomTableViewHeaderFooterView.xib */; };
		56A722181CF3F333005CFF85 /* EventsModel.swift in Sources */ = {isa = PBXBuildFile; fileRef = 56A722171CF3F333005CFF85 /* EventsModel.swift */; };
		56A722761CF421C0005CFF85 /* EmptyTableView.xib in Resources */ = {isa = PBXBuildFile; fileRef = 56A722751CF421C0005CFF85 /* EmptyTableView.xib */; };
		56A722781CF422D2005CFF85 /* EmptyTableViewCell.swift in Sources */ = {isa = PBXBuildFile; fileRef = 56A722771CF422D2005CFF85 /* EmptyTableViewCell.swift */; };
		56A7227B1CF44A79005CFF85 /* SukienTableViewCell.swift in Sources */ = {isa = PBXBuildFile; fileRef = 56A722791CF44A79005CFF85 /* SukienTableViewCell.swift */; };
		56A7227C1CF44A79005CFF85 /* SukienTableViewCell.xib in Resources */ = {isa = PBXBuildFile; fileRef = 56A7227A1CF44A79005CFF85 /* SukienTableViewCell.xib */; };
		56B2F91A1CD617A300A458CF /* DownloadImage.swift in Sources */ = {isa = PBXBuildFile; fileRef = 56B2F9191CD617A300A458CF /* DownloadImage.swift */; };
		56BE3E601CA2A3CC009AC4ED /* DoiquaViewController.swift in Sources */ = {isa = PBXBuildFile; fileRef = 56BE3E5F1CA2A3CC009AC4ED /* DoiquaViewController.swift */; };
		56BE3E631CA2A3F9009AC4ED /* DoiquaTableViewCell.swift in Sources */ = {isa = PBXBuildFile; fileRef = 56BE3E611CA2A3F9009AC4ED /* DoiquaTableViewCell.swift */; };
		56BE3E641CA2A3F9009AC4ED /* DoiquaTableViewCell.xib in Resources */ = {isa = PBXBuildFile; fileRef = 56BE3E621CA2A3F9009AC4ED /* DoiquaTableViewCell.xib */; };
		56C07BF91CB16C2500CD0F48 /* LoginViewController.swift in Sources */ = {isa = PBXBuildFile; fileRef = 56C07BF81CB16C2500CD0F48 /* LoginViewController.swift */; };
		56C07BFE1CB17AE400CD0F48 /* SanxuDownloadViewController.swift in Sources */ = {isa = PBXBuildFile; fileRef = 56C07BFD1CB17AE400CD0F48 /* SanxuDownloadViewController.swift */; };
		56C63DE41CAE8EF6005620FE /* GetDataModel.swift in Sources */ = {isa = PBXBuildFile; fileRef = 56C63DE31CAE8EF6005620FE /* GetDataModel.swift */; };
		56CA6CB21CF5A48000D32865 /* SukienActionViewController.swift in Sources */ = {isa = PBXBuildFile; fileRef = 56CA6CB11CF5A48000D32865 /* SukienActionViewController.swift */; };
		56CCC8251CFFF401005291D3 /* DieuKhoanViewController.swift in Sources */ = {isa = PBXBuildFile; fileRef = 56CCC8241CFFF401005291D3 /* DieuKhoanViewController.swift */; };
		56CCC8271CFFF4C6005291D3 /* ThongtinViewController.swift in Sources */ = {isa = PBXBuildFile; fileRef = 56CCC8261CFFF4C6005291D3 /* ThongtinViewController.swift */; };
		56DB0DF81CFD9E2B00FD36FE /* ShowSuKienFromServerViewController.swift in Sources */ = {isa = PBXBuildFile; fileRef = 56DB0DF71CFD9E2B00FD36FE /* ShowSuKienFromServerViewController.swift */; };
		56DBB9C91CB158D0001EA9D3 /* LinkServe.swift in Sources */ = {isa = PBXBuildFile; fileRef = 56DBB9C81CB158D0001EA9D3 /* LinkServe.swift */; };
		56E025EA1D066A69000C9A13 /* SanxuFooterTableViewHeaderFooterView.xib in Resources */ = {isa = PBXBuildFile; fileRef = 56E025E91D066A69000C9A13 /* SanxuFooterTableViewHeaderFooterView.xib */; };
		56E025EC1D06762A000C9A13 /* SanxuFooterTableViewHeaderFooterView.swift in Sources */ = {isa = PBXBuildFile; fileRef = 56E025EB1D06762A000C9A13 /* SanxuFooterTableViewHeaderFooterView.swift */; };
		56E1B5661CD1C76700C6A74A /* UIImageViewAsync.swift in Sources */ = {isa = PBXBuildFile; fileRef = 56E1B5651CD1C76700C6A74A /* UIImageViewAsync.swift */; };
		56E28FEB1CDF3A35007E80FC /* LichsunhanxuModel.swift in Sources */ = {isa = PBXBuildFile; fileRef = 56E28FEA1CDF3A35007E80FC /* LichsunhanxuModel.swift */; };
		56E28FED1CDF3E49007E80FC /* UserModel.swift in Sources */ = {isa = PBXBuildFile; fileRef = 56E28FEC1CDF3E49007E80FC /* UserModel.swift */; };
		56F108BB1CE83A0B00303B72 /* ScreenLaunch.storyboard in Resources */ = {isa = PBXBuildFile; fileRef = 56F108BA1CE83A0B00303B72 /* ScreenLaunch.storyboard */; };
		56F108BD1CE872F000303B72 /* ShareFacebookModel.swift in Sources */ = {isa = PBXBuildFile; fileRef = 56F108BC1CE872F000303B72 /* ShareFacebookModel.swift */; };
		56F45FF71CA001E600FB9016 /* ThemViewController.swift in Sources */ = {isa = PBXBuildFile; fileRef = 56F45FF61CA001E600FB9016 /* ThemViewController.swift */; };
		56F45FF91CA0051900FB9016 /* ProfileTableViewHeaderFooterView.swift in Sources */ = {isa = PBXBuildFile; fileRef = 56F45FF81CA0051900FB9016 /* ProfileTableViewHeaderFooterView.swift */; };
		56F45FFB1CA0056C00FB9016 /* ProfileTableViewHeaderView.xib in Resources */ = {isa = PBXBuildFile; fileRef = 56F45FFA1CA0056C00FB9016 /* ProfileTableViewHeaderView.xib */; };
		56F45FFD1CA0326300FB9016 /* SukienViewController.swift in Sources */ = {isa = PBXBuildFile; fileRef = 56F45FFC1CA0326300FB9016 /* SukienViewController.swift */; };
		56F704C91CB14D52007F457A /* OffersInfo.swift in Sources */ = {isa = PBXBuildFile; fileRef = 56F704C81CB14D52007F457A /* OffersInfo.swift */; };
		56F7B1801CBBE4310091889C /* UserInfoModel.swift in Sources */ = {isa = PBXBuildFile; fileRef = 56F7B17F1CBBE4310091889C /* UserInfoModel.swift */; };
/* End PBXBuildFile section */

/* Begin PBXContainerItemProxy section */
		5661237E1C9D334C00DD6E2E /* PBXContainerItemProxy */ = {
			isa = PBXContainerItemProxy;
			containerPortal = 566123611C9D334C00DD6E2E /* Project object */;
			proxyType = 1;
			remoteGlobalIDString = 566123681C9D334C00DD6E2E;
			remoteInfo = TheChua;
		};
		566123891C9D334C00DD6E2E /* PBXContainerItemProxy */ = {
			isa = PBXContainerItemProxy;
			containerPortal = 566123611C9D334C00DD6E2E /* Project object */;
			proxyType = 1;
			remoteGlobalIDString = 566123681C9D334C00DD6E2E;
			remoteInfo = TheChua;
		};
/* End PBXContainerItemProxy section */

/* Begin PBXFileReference section */
		06DC8CA8993E555E643B98AF /* Pods-The Chua.debug.xcconfig */ = {isa = PBXFileReference; includeInIndex = 1; lastKnownFileType = text.xcconfig; name = "Pods-The Chua.debug.xcconfig"; path = "Pods/Target Support Files/Pods-The Chua/Pods-The Chua.debug.xcconfig"; sourceTree = "<group>"; };
		325E8F98EDC28995605F26A6 /* Pods_The_Chua.framework */ = {isa = PBXFileReference; explicitFileType = wrapper.framework; includeInIndex = 0; path = Pods_The_Chua.framework; sourceTree = BUILT_PRODUCTS_DIR; };
		5602308B1CF31BB2005ECBA5 /* TimeOut.swift */ = {isa = PBXFileReference; fileEncoding = 4; lastKnownFileType = sourcecode.swift; path = TimeOut.swift; sourceTree = "<group>"; };
		5602308D1CF33E48005ECBA5 /* CardsModel.swift */ = {isa = PBXFileReference; fileEncoding = 4; lastKnownFileType = sourcecode.swift; path = CardsModel.swift; sourceTree = "<group>"; };
		56041CFE1CD5CDFA00CA1F82 /* CoreData.xcdatamodel */ = {isa = PBXFileReference; lastKnownFileType = wrapper.xcdatamodel; path = CoreData.xcdatamodel; sourceTree = "<group>"; };
		560FC5801CB7B99300625010 /* PostMethod.swift */ = {isa = PBXFileReference; fileEncoding = 4; lastKnownFileType = sourcecode.swift; path = PostMethod.swift; sourceTree = "<group>"; };
		5611624D1CCF7F980040E2EF /* UpdatePoint.swift */ = {isa = PBXFileReference; fileEncoding = 4; lastKnownFileType = sourcecode.swift; path = UpdatePoint.swift; sourceTree = "<group>"; };
		561BC3F21D117D300031B386 /* FBSDKCoreKit.framework */ = {isa = PBXFileReference; lastKnownFileType = wrapper.framework; name = FBSDKCoreKit.framework; path = ../../../../../Documents/FacebookSDK/FBSDKCoreKit.framework; sourceTree = "<group>"; };
		561BC3F31D117D300031B386 /* FBSDKLoginKit.framework */ = {isa = PBXFileReference; lastKnownFileType = wrapper.framework; name = FBSDKLoginKit.framework; path = ../../../../../Documents/FacebookSDK/FBSDKLoginKit.framework; sourceTree = "<group>"; };
		561BC3F41D117D300031B386 /* FBSDKShareKit.framework */ = {isa = PBXFileReference; lastKnownFileType = wrapper.framework; name = FBSDKShareKit.framework; path = ../../../../../Documents/FacebookSDK/FBSDKShareKit.framework; sourceTree = "<group>"; };
		5625F02A1CDD93B500316B85 /* Loading.swift */ = {isa = PBXFileReference; fileEncoding = 4; lastKnownFileType = sourcecode.swift; path = Loading.swift; sourceTree = "<group>"; };
		5644EA741D08FF19006DB482 /* RRSViewController.swift */ = {isa = PBXFileReference; fileEncoding = 4; lastKnownFileType = sourcecode.swift; path = RRSViewController.swift; sourceTree = "<group>"; };
		5644EA7E1D091884006DB482 /* RRSTableViewCell.swift */ = {isa = PBXFileReference; fileEncoding = 4; lastKnownFileType = sourcecode.swift; path = RRSTableViewCell.swift; sourceTree = "<group>"; };
		5644EA7F1D091884006DB482 /* RRSTableViewCell.xib */ = {isa = PBXFileReference; fileEncoding = 4; lastKnownFileType = file.xib; path = RRSTableViewCell.xib; sourceTree = "<group>"; };
		564AA41B1C9FE16F00ACC2C6 /* OffersView.xib */ = {isa = PBXFileReference; fileEncoding = 4; lastKnownFileType = file.xib; path = OffersView.xib; sourceTree = "<group>"; };
		564AA41D1C9FE63500ACC2C6 /* OffersViewTableViewCell.swift */ = {isa = PBXFileReference; fileEncoding = 4; lastKnownFileType = sourcecode.swift; path = OffersViewTableViewCell.swift; sourceTree = "<group>"; };
		566123691C9D334C00DD6E2E /* The Chua.app */ = {isa = PBXFileReference; explicitFileType = wrapper.application; includeInIndex = 0; path = "The Chua.app"; sourceTree = BUILT_PRODUCTS_DIR; };
		5661236C1C9D334C00DD6E2E /* AppDelegate.swift */ = {isa = PBXFileReference; lastKnownFileType = sourcecode.swift; path = AppDelegate.swift; sourceTree = "<group>"; };
		5661236E1C9D334C00DD6E2E /* SanxuViewController.swift */ = {isa = PBXFileReference; lastKnownFileType = sourcecode.swift; path = SanxuViewController.swift; sourceTree = "<group>"; };
		566123711C9D334C00DD6E2E /* Base */ = {isa = PBXFileReference; lastKnownFileType = file.storyboard; name = Base; path = Base.lproj/Main.storyboard; sourceTree = "<group>"; };
		566123731C9D334C00DD6E2E /* Assets.xcassets */ = {isa = PBXFileReference; lastKnownFileType = folder.assetcatalog; path = Assets.xcassets; sourceTree = "<group>"; };
		566123781C9D334C00DD6E2E /* Info.plist */ = {isa = PBXFileReference; lastKnownFileType = text.plist.xml; path = Info.plist; sourceTree = "<group>"; };
		5661237D1C9D334C00DD6E2E /* The Chua.xctest */ = {isa = PBXFileReference; explicitFileType = wrapper.cfbundle; includeInIndex = 0; path = "The Chua.xctest"; sourceTree = BUILT_PRODUCTS_DIR; };
		566123811C9D334C00DD6E2E /* TheChuaTests.swift */ = {isa = PBXFileReference; lastKnownFileType = sourcecode.swift; path = TheChuaTests.swift; sourceTree = "<group>"; };
		566123831C9D334C00DD6E2E /* Info.plist */ = {isa = PBXFileReference; lastKnownFileType = text.plist.xml; path = Info.plist; sourceTree = "<group>"; };
		566123881C9D334C00DD6E2E /* The Chua.xctest */ = {isa = PBXFileReference; explicitFileType = wrapper.cfbundle; includeInIndex = 0; path = "The Chua.xctest"; sourceTree = BUILT_PRODUCTS_DIR; };
		5661238C1C9D334C00DD6E2E /* TheChuaUITests.swift */ = {isa = PBXFileReference; lastKnownFileType = sourcecode.swift; path = TheChuaUITests.swift; sourceTree = "<group>"; };
		5661238E1C9D334C00DD6E2E /* Info.plist */ = {isa = PBXFileReference; lastKnownFileType = text.plist.xml; path = Info.plist; sourceTree = "<group>"; };
		566146001CDB813D0042E103 /* CheckConnection.swift */ = {isa = PBXFileReference; fileEncoding = 4; lastKnownFileType = sourcecode.swift; path = CheckConnection.swift; sourceTree = "<group>"; };
		5661460B1CDB93F60042E103 /* LichsunhanxuCustomTableViewCell.xib */ = {isa = PBXFileReference; fileEncoding = 4; lastKnownFileType = file.xib; path = LichsunhanxuCustomTableViewCell.xib; sourceTree = "<group>"; };
		5661460D1CDB95430042E103 /* LichsunhanxuTableViewCell.swift */ = {isa = PBXFileReference; fileEncoding = 4; lastKnownFileType = sourcecode.swift; path = LichsunhanxuTableViewCell.swift; sourceTree = "<group>"; };
		5661460F1CDB957C0042E103 /* LichsunhanxuViewController.swift */ = {isa = PBXFileReference; fileEncoding = 4; lastKnownFileType = sourcecode.swift; path = LichsunhanxuViewController.swift; sourceTree = "<group>"; };
		566146111CDC3EF30042E103 /* LichsudoiquaModel.swift */ = {isa = PBXFileReference; fileEncoding = 4; lastKnownFileType = sourcecode.swift; path = LichsudoiquaModel.swift; sourceTree = "<group>"; };
		566146151CDCF1350042E103 /* HistoryRedeemViewController.swift */ = {isa = PBXFileReference; fileEncoding = 4; lastKnownFileType = sourcecode.swift; path = HistoryRedeemViewController.swift; sourceTree = "<group>"; };
		566146171CDCF5720042E103 /* HistoryRedeemTableViewCell.swift */ = {isa = PBXFileReference; fileEncoding = 4; lastKnownFileType = sourcecode.swift; path = HistoryRedeemTableViewCell.swift; sourceTree = "<group>"; };
		566146181CDCF5720042E103 /* HistoryRedeemTableViewCell.xib */ = {isa = PBXFileReference; fileEncoding = 4; lastKnownFileType = file.xib; path = HistoryRedeemTableViewCell.xib; sourceTree = "<group>"; };
		5670B5B91D0FF290004F8C3A /* GoogleService-Info.plist */ = {isa = PBXFileReference; fileEncoding = 4; lastKnownFileType = text.plist.xml; path = "GoogleService-Info.plist"; sourceTree = "<group>"; };
		5671934C1D1047F700EB23CB /* TheChua-Bridging-Header.h */ = {isa = PBXFileReference; lastKnownFileType = sourcecode.c.h; path = "TheChua-Bridging-Header.h"; sourceTree = "<group>"; };
		569127A01D114A26004EE48D /* vi */ = {isa = PBXFileReference; lastKnownFileType = text.plist.strings; name = vi; path = vi.lproj/Main.strings; sourceTree = "<group>"; };
		569ABB5A1C9F07AC003EE03D /* SanxuCustomTableViewHeaderFooterView.swift */ = {isa = PBXFileReference; fileEncoding = 4; lastKnownFileType = sourcecode.swift; path = SanxuCustomTableViewHeaderFooterView.swift; sourceTree = "<group>"; };
		569ABB5C1C9F11FE003EE03D /* SanxuCustomTableViewHeaderFooterView.xib */ = {isa = PBXFileReference; fileEncoding = 4; lastKnownFileType = file.xib; path = SanxuCustomTableViewHeaderFooterView.xib; sourceTree = "<group>"; };
		56A722171CF3F333005CFF85 /* EventsModel.swift */ = {isa = PBXFileReference; fileEncoding = 4; lastKnownFileType = sourcecode.swift; path = EventsModel.swift; sourceTree = "<group>"; };
		56A722751CF421C0005CFF85 /* EmptyTableView.xib */ = {isa = PBXFileReference; fileEncoding = 4; lastKnownFileType = file.xib; path = EmptyTableView.xib; sourceTree = "<group>"; };
		56A722771CF422D2005CFF85 /* EmptyTableViewCell.swift */ = {isa = PBXFileReference; fileEncoding = 4; lastKnownFileType = sourcecode.swift; path = EmptyTableViewCell.swift; sourceTree = "<group>"; };
		56A722791CF44A79005CFF85 /* SukienTableViewCell.swift */ = {isa = PBXFileReference; fileEncoding = 4; lastKnownFileType = sourcecode.swift; path = SukienTableViewCell.swift; sourceTree = "<group>"; };
		56A7227A1CF44A79005CFF85 /* SukienTableViewCell.xib */ = {isa = PBXFileReference; fileEncoding = 4; lastKnownFileType = file.xib; path = SukienTableViewCell.xib; sourceTree = "<group>"; };
		56B2F9191CD617A300A458CF /* DownloadImage.swift */ = {isa = PBXFileReference; fileEncoding = 4; lastKnownFileType = sourcecode.swift; path = DownloadImage.swift; sourceTree = "<group>"; };
		56BE3E5F1CA2A3CC009AC4ED /* DoiquaViewController.swift */ = {isa = PBXFileReference; fileEncoding = 4; lastKnownFileType = sourcecode.swift; path = DoiquaViewController.swift; sourceTree = "<group>"; };
		56BE3E611CA2A3F9009AC4ED /* DoiquaTableViewCell.swift */ = {isa = PBXFileReference; fileEncoding = 4; lastKnownFileType = sourcecode.swift; path = DoiquaTableViewCell.swift; sourceTree = "<group>"; };
		56BE3E621CA2A3F9009AC4ED /* DoiquaTableViewCell.xib */ = {isa = PBXFileReference; fileEncoding = 4; lastKnownFileType = file.xib; path = DoiquaTableViewCell.xib; sourceTree = "<group>"; };
		56C07BF81CB16C2500CD0F48 /* LoginViewController.swift */ = {isa = PBXFileReference; fileEncoding = 4; lastKnownFileType = sourcecode.swift; path = LoginViewController.swift; sourceTree = "<group>"; };
		56C07BFD1CB17AE400CD0F48 /* SanxuDownloadViewController.swift */ = {isa = PBXFileReference; fileEncoding = 4; lastKnownFileType = sourcecode.swift; path = SanxuDownloadViewController.swift; sourceTree = "<group>"; };
		56C63DE31CAE8EF6005620FE /* GetDataModel.swift */ = {isa = PBXFileReference; fileEncoding = 4; lastKnownFileType = sourcecode.swift; path = GetDataModel.swift; sourceTree = "<group>"; };
		56CA6CB11CF5A48000D32865 /* SukienActionViewController.swift */ = {isa = PBXFileReference; fileEncoding = 4; lastKnownFileType = sourcecode.swift; path = SukienActionViewController.swift; sourceTree = "<group>"; };
		56CCC8241CFFF401005291D3 /* DieuKhoanViewController.swift */ = {isa = PBXFileReference; fileEncoding = 4; lastKnownFileType = sourcecode.swift; path = DieuKhoanViewController.swift; sourceTree = "<group>"; };
		56CCC8261CFFF4C6005291D3 /* ThongtinViewController.swift */ = {isa = PBXFileReference; fileEncoding = 4; lastKnownFileType = sourcecode.swift; path = ThongtinViewController.swift; sourceTree = "<group>"; };
		56DB0DF71CFD9E2B00FD36FE /* ShowSuKienFromServerViewController.swift */ = {isa = PBXFileReference; fileEncoding = 4; lastKnownFileType = sourcecode.swift; path = ShowSuKienFromServerViewController.swift; sourceTree = "<group>"; };
		56DBB9C81CB158D0001EA9D3 /* LinkServe.swift */ = {isa = PBXFileReference; fileEncoding = 4; lastKnownFileType = sourcecode.swift; path = LinkServe.swift; sourceTree = "<group>"; };
		56E025E91D066A69000C9A13 /* SanxuFooterTableViewHeaderFooterView.xib */ = {isa = PBXFileReference; fileEncoding = 4; lastKnownFileType = file.xib; path = SanxuFooterTableViewHeaderFooterView.xib; sourceTree = "<group>"; };
		56E025EB1D06762A000C9A13 /* SanxuFooterTableViewHeaderFooterView.swift */ = {isa = PBXFileReference; fileEncoding = 4; lastKnownFileType = sourcecode.swift; path = SanxuFooterTableViewHeaderFooterView.swift; sourceTree = "<group>"; };
		56E1B5651CD1C76700C6A74A /* UIImageViewAsync.swift */ = {isa = PBXFileReference; fileEncoding = 4; lastKnownFileType = sourcecode.swift; path = UIImageViewAsync.swift; sourceTree = "<group>"; };
		56E28FEA1CDF3A35007E80FC /* LichsunhanxuModel.swift */ = {isa = PBXFileReference; fileEncoding = 4; lastKnownFileType = sourcecode.swift; path = LichsunhanxuModel.swift; sourceTree = "<group>"; };
		56E28FEC1CDF3E49007E80FC /* UserModel.swift */ = {isa = PBXFileReference; fileEncoding = 4; lastKnownFileType = sourcecode.swift; path = UserModel.swift; sourceTree = "<group>"; };
		56F108BA1CE83A0B00303B72 /* ScreenLaunch.storyboard */ = {isa = PBXFileReference; fileEncoding = 4; lastKnownFileType = file.storyboard; path = ScreenLaunch.storyboard; sourceTree = "<group>"; };
		56F108BC1CE872F000303B72 /* ShareFacebookModel.swift */ = {isa = PBXFileReference; fileEncoding = 4; lastKnownFileType = sourcecode.swift; path = ShareFacebookModel.swift; sourceTree = "<group>"; };
		56F45FF61CA001E600FB9016 /* ThemViewController.swift */ = {isa = PBXFileReference; fileEncoding = 4; lastKnownFileType = sourcecode.swift; path = ThemViewController.swift; sourceTree = "<group>"; };
		56F45FF81CA0051900FB9016 /* ProfileTableViewHeaderFooterView.swift */ = {isa = PBXFileReference; fileEncoding = 4; lastKnownFileType = sourcecode.swift; path = ProfileTableViewHeaderFooterView.swift; sourceTree = "<group>"; };
		56F45FFA1CA0056C00FB9016 /* ProfileTableViewHeaderView.xib */ = {isa = PBXFileReference; fileEncoding = 4; lastKnownFileType = file.xib; path = ProfileTableViewHeaderView.xib; sourceTree = "<group>"; };
		56F45FFC1CA0326300FB9016 /* SukienViewController.swift */ = {isa = PBXFileReference; fileEncoding = 4; lastKnownFileType = sourcecode.swift; path = SukienViewController.swift; sourceTree = "<group>"; };
		56F704C81CB14D52007F457A /* OffersInfo.swift */ = {isa = PBXFileReference; fileEncoding = 4; lastKnownFileType = sourcecode.swift; path = OffersInfo.swift; sourceTree = "<group>"; };
		56F7B17F1CBBE4310091889C /* UserInfoModel.swift */ = {isa = PBXFileReference; fileEncoding = 4; lastKnownFileType = sourcecode.swift; path = UserInfoModel.swift; sourceTree = "<group>"; };
		7D2106E8BEFBC2D1F9FC1E11 /* Pods-The Chua.release.xcconfig */ = {isa = PBXFileReference; includeInIndex = 1; lastKnownFileType = text.xcconfig; name = "Pods-The Chua.release.xcconfig"; path = "Pods/Target Support Files/Pods-The Chua/Pods-The Chua.release.xcconfig"; sourceTree = "<group>"; };
/* End PBXFileReference section */

/* Begin PBXFrameworksBuildPhase section */
		566123661C9D334C00DD6E2E /* Frameworks */ = {
			isa = PBXFrameworksBuildPhase;
			buildActionMask = 2147483647;
			files = (
				561BC3F61D117D300031B386 /* FBSDKLoginKit.framework in Frameworks */,
				561BC3F51D117D300031B386 /* FBSDKCoreKit.framework in Frameworks */,
				561BC3F71D117D300031B386 /* FBSDKShareKit.framework in Frameworks */,
				50FE5E4650F8F014D0EAB740 /* Pods_The_Chua.framework in Frameworks */,
			);
			runOnlyForDeploymentPostprocessing = 0;
		};
		5661237A1C9D334C00DD6E2E /* Frameworks */ = {
			isa = PBXFrameworksBuildPhase;
			buildActionMask = 2147483647;
			files = (
			);
			runOnlyForDeploymentPostprocessing = 0;
		};
		566123851C9D334C00DD6E2E /* Frameworks */ = {
			isa = PBXFrameworksBuildPhase;
			buildActionMask = 2147483647;
			files = (
			);
			runOnlyForDeploymentPostprocessing = 0;
		};
/* End PBXFrameworksBuildPhase section */

/* Begin PBXGroup section */
		561B9C741CB369C1008DAFF6 /* Framework */ = {
			isa = PBXGroup;
			children = (
				561BC3F21D117D300031B386 /* FBSDKCoreKit.framework */,
				561BC3F31D117D300031B386 /* FBSDKLoginKit.framework */,
				561BC3F41D117D300031B386 /* FBSDKShareKit.framework */,
			);
			name = Framework;
			sourceTree = "<group>";
		};
		564A85741CB4112600F7242E /* LoginRequest */ = {
			isa = PBXGroup;
			children = (
			);
			name = LoginRequest;
			sourceTree = "<group>";
		};
		564A85791CB41C8800F7242E /* InfoOffers */ = {
			isa = PBXGroup;
			children = (
				56F704C81CB14D52007F457A /* OffersInfo.swift */,
			);
			name = InfoOffers;
			sourceTree = "<group>";
		};
		564A857A1CB41C9A00F7242E /* SanXu */ = {
			isa = PBXGroup;
			children = (
				564AA41D1C9FE63500ACC2C6 /* OffersViewTableViewCell.swift */,
				5661236E1C9D334C00DD6E2E /* SanxuViewController.swift */,
				569ABB5A1C9F07AC003EE03D /* SanxuCustomTableViewHeaderFooterView.swift */,
				56C07BFD1CB17AE400CD0F48 /* SanxuDownloadViewController.swift */,
				56E025EB1D06762A000C9A13 /* SanxuFooterTableViewHeaderFooterView.swift */,
				5644EA741D08FF19006DB482 /* RRSViewController.swift */,
				5644EA7E1D091884006DB482 /* RRSTableViewCell.swift */,
			);
			name = SanXu;
			sourceTree = "<group>";
		};
		566123601C9D334C00DD6E2E = {
			isa = PBXGroup;
			children = (
				5661236B1C9D334C00DD6E2E /* The Chua */,
				566123801C9D334C00DD6E2E /* TheChuaTests */,
				5661238B1C9D334C00DD6E2E /* TheChuaUITests */,
				5661236A1C9D334C00DD6E2E /* Products */,
				A5DAB22AE903E418A3B82636 /* Pods */,
				933DFB1AC3754743F410741A /* Frameworks */,
			);
			sourceTree = "<group>";
		};
		5661236A1C9D334C00DD6E2E /* Products */ = {
			isa = PBXGroup;
			children = (
				566123691C9D334C00DD6E2E /* The Chua.app */,
				5661237D1C9D334C00DD6E2E /* The Chua.xctest */,
				566123881C9D334C00DD6E2E /* The Chua.xctest */,
			);
			name = Products;
			sourceTree = "<group>";
		};
		5661236B1C9D334C00DD6E2E /* The Chua */ = {
			isa = PBXGroup;
			children = (
				56E1B5641CD1C2CD00C6A74A /* Extension */,
				561B9C741CB369C1008DAFF6 /* Framework */,
				56BA5B121C9E794500CD5C91 /* Model */,
				56BA5B171C9EDF6000CD5C91 /* View */,
				56BA5B131C9E794F00CD5C91 /* Controller */,
				5661236C1C9D334C00DD6E2E /* AppDelegate.swift */,
				566123731C9D334C00DD6E2E /* Assets.xcassets */,
				5670B5B91D0FF290004F8C3A /* GoogleService-Info.plist */,
				566123781C9D334C00DD6E2E /* Info.plist */,
				56041CFD1CD5CDFA00CA1F82 /* CoreData.xcdatamodeld */,
				5671934C1D1047F700EB23CB /* TheChua-Bridging-Header.h */,
			);
			name = "The Chua";
			path = TheChua;
			sourceTree = "<group>";
		};
		566123801C9D334C00DD6E2E /* TheChuaTests */ = {
			isa = PBXGroup;
			children = (
				566123811C9D334C00DD6E2E /* TheChuaTests.swift */,
				566123831C9D334C00DD6E2E /* Info.plist */,
			);
			path = TheChuaTests;
			sourceTree = "<group>";
		};
		5661238B1C9D334C00DD6E2E /* TheChuaUITests */ = {
			isa = PBXGroup;
			children = (
				5661238C1C9D334C00DD6E2E /* TheChuaUITests.swift */,
				5661238E1C9D334C00DD6E2E /* Info.plist */,
			);
			path = TheChuaUITests;
			sourceTree = "<group>";
		};
		566146021CDB88780042E103 /* Them */ = {
			isa = PBXGroup;
			children = (
				56F45FF81CA0051900FB9016 /* ProfileTableViewHeaderFooterView.swift */,
				56F45FF61CA001E600FB9016 /* ThemViewController.swift */,
				5661460D1CDB95430042E103 /* LichsunhanxuTableViewCell.swift */,
				5661460F1CDB957C0042E103 /* LichsunhanxuViewController.swift */,
				566146151CDCF1350042E103 /* HistoryRedeemViewController.swift */,
				566146171CDCF5720042E103 /* HistoryRedeemTableViewCell.swift */,
				56CCC8241CFFF401005291D3 /* DieuKhoanViewController.swift */,
				56CCC8261CFFF4C6005291D3 /* ThongtinViewController.swift */,
			);
			name = Them;
			sourceTree = "<group>";
		};
		56BA1D4D1CB7D467008FED85 /* Login */ = {
			isa = PBXGroup;
			children = (
				56C07BF81CB16C2500CD0F48 /* LoginViewController.swift */,
			);
			name = Login;
			sourceTree = "<group>";
		};
		56BA5B121C9E794500CD5C91 /* Model */ = {
			isa = PBXGroup;
			children = (
				564A85741CB4112600F7242E /* LoginRequest */,
				56C63DE31CAE8EF6005620FE /* GetDataModel.swift */,
				564A85791CB41C8800F7242E /* InfoOffers */,
				56DBB9C81CB158D0001EA9D3 /* LinkServe.swift */,
				560FC5801CB7B99300625010 /* PostMethod.swift */,
				56F7B17F1CBBE4310091889C /* UserInfoModel.swift */,
				5611624D1CCF7F980040E2EF /* UpdatePoint.swift */,
				566146111CDC3EF30042E103 /* LichsudoiquaModel.swift */,
				56E28FEA1CDF3A35007E80FC /* LichsunhanxuModel.swift */,
				56E28FEC1CDF3E49007E80FC /* UserModel.swift */,
				56F108BC1CE872F000303B72 /* ShareFacebookModel.swift */,
				5602308D1CF33E48005ECBA5 /* CardsModel.swift */,
				56A722171CF3F333005CFF85 /* EventsModel.swift */,
			);
			name = Model;
			sourceTree = "<group>";
		};
		56BA5B131C9E794F00CD5C91 /* Controller */ = {
			isa = PBXGroup;
			children = (
				564A857A1CB41C9A00F7242E /* SanXu */,
				566146021CDB88780042E103 /* Them */,
				56F108AF1CE48FBB00303B72 /* Sukien */,
				56BB6B4C1CC6351700182460 /* DoiThe */,
				56BA1D4D1CB7D467008FED85 /* Login */,
				56A722771CF422D2005CFF85 /* EmptyTableViewCell.swift */,
			);
			name = Controller;
			sourceTree = "<group>";
		};
		56BA5B171C9EDF6000CD5C91 /* View */ = {
			isa = PBXGroup;
			children = (
				56BE3E621CA2A3F9009AC4ED /* DoiquaTableViewCell.xib */,
				566123701C9D334C00DD6E2E /* Main.storyboard */,
				569ABB5C1C9F11FE003EE03D /* SanxuCustomTableViewHeaderFooterView.xib */,
				564AA41B1C9FE16F00ACC2C6 /* OffersView.xib */,
				56F45FFA1CA0056C00FB9016 /* ProfileTableViewHeaderView.xib */,
				5661460B1CDB93F60042E103 /* LichsunhanxuCustomTableViewCell.xib */,
				566146181CDCF5720042E103 /* HistoryRedeemTableViewCell.xib */,
				56F108BA1CE83A0B00303B72 /* ScreenLaunch.storyboard */,
				56A722751CF421C0005CFF85 /* EmptyTableView.xib */,
				56A7227A1CF44A79005CFF85 /* SukienTableViewCell.xib */,
				56E025E91D066A69000C9A13 /* SanxuFooterTableViewHeaderFooterView.xib */,
				5644EA7F1D091884006DB482 /* RRSTableViewCell.xib */,
			);
			name = View;
			sourceTree = "<group>";
		};
		56BB6B4C1CC6351700182460 /* DoiThe */ = {
			isa = PBXGroup;
			children = (
				56BE3E5F1CA2A3CC009AC4ED /* DoiquaViewController.swift */,
				56BE3E611CA2A3F9009AC4ED /* DoiquaTableViewCell.swift */,
			);
			name = DoiThe;
			sourceTree = "<group>";
		};
		56E1B5641CD1C2CD00C6A74A /* Extension */ = {
			isa = PBXGroup;
			children = (
				56E1B5651CD1C76700C6A74A /* UIImageViewAsync.swift */,
				56B2F9191CD617A300A458CF /* DownloadImage.swift */,
				566146001CDB813D0042E103 /* CheckConnection.swift */,
				5625F02A1CDD93B500316B85 /* Loading.swift */,
				5602308B1CF31BB2005ECBA5 /* TimeOut.swift */,
			);
			name = Extension;
			sourceTree = "<group>";
		};
		56F108AF1CE48FBB00303B72 /* Sukien */ = {
			isa = PBXGroup;
			children = (
				56F45FFC1CA0326300FB9016 /* SukienViewController.swift */,
				56A722791CF44A79005CFF85 /* SukienTableViewCell.swift */,
				56CA6CB11CF5A48000D32865 /* SukienActionViewController.swift */,
				56DB0DF71CFD9E2B00FD36FE /* ShowSuKienFromServerViewController.swift */,
			);
			name = Sukien;
			sourceTree = "<group>";
		};
		933DFB1AC3754743F410741A /* Frameworks */ = {
			isa = PBXGroup;
			children = (
				325E8F98EDC28995605F26A6 /* Pods_The_Chua.framework */,
			);
			name = Frameworks;
			sourceTree = "<group>";
		};
		A5DAB22AE903E418A3B82636 /* Pods */ = {
			isa = PBXGroup;
			children = (
				06DC8CA8993E555E643B98AF /* Pods-The Chua.debug.xcconfig */,
				7D2106E8BEFBC2D1F9FC1E11 /* Pods-The Chua.release.xcconfig */,
			);
			name = Pods;
			sourceTree = "<group>";
		};
/* End PBXGroup section */

/* Begin PBXNativeTarget section */
		566123681C9D334C00DD6E2E /* The Chua */ = {
			isa = PBXNativeTarget;
			buildConfigurationList = 566123911C9D334C00DD6E2E /* Build configuration list for PBXNativeTarget "The Chua" */;
			buildPhases = (
				936E230750C560AF994C273D /* [CP] Check Pods Manifest.lock */,
				566123651C9D334C00DD6E2E /* Sources */,
				566123661C9D334C00DD6E2E /* Frameworks */,
				566123671C9D334C00DD6E2E /* Resources */,
				29CFE94D61CBC00DD93BC909 /* [CP] Embed Pods Frameworks */,
				447BDF644260CEB02FED31BC /* [CP] Copy Pods Resources */,
			);
			buildRules = (
			);
			dependencies = (
			);
			name = "The Chua";
			productName = TheChua;
			productReference = 566123691C9D334C00DD6E2E /* The Chua.app */;
			productType = "com.apple.product-type.application";
		};
		5661237C1C9D334C00DD6E2E /* DagTests */ = {
			isa = PBXNativeTarget;
			buildConfigurationList = 566123941C9D334C00DD6E2E /* Build configuration list for PBXNativeTarget "DagTests" */;
			buildPhases = (
				566123791C9D334C00DD6E2E /* Sources */,
				5661237A1C9D334C00DD6E2E /* Frameworks */,
				5661237B1C9D334C00DD6E2E /* Resources */,
			);
			buildRules = (
			);
			dependencies = (
				5661237F1C9D334C00DD6E2E /* PBXTargetDependency */,
			);
			name = DagTests;
			productName = TheChuaTests;
			productReference = 5661237D1C9D334C00DD6E2E /* The Chua.xctest */;
			productType = "com.apple.product-type.bundle.unit-test";
		};
		566123871C9D334C00DD6E2E /* DagUITests */ = {
			isa = PBXNativeTarget;
			buildConfigurationList = 566123971C9D334C00DD6E2E /* Build configuration list for PBXNativeTarget "DagUITests" */;
			buildPhases = (
				566123841C9D334C00DD6E2E /* Sources */,
				566123851C9D334C00DD6E2E /* Frameworks */,
				566123861C9D334C00DD6E2E /* Resources */,
			);
			buildRules = (
			);
			dependencies = (
				5661238A1C9D334C00DD6E2E /* PBXTargetDependency */,
			);
			name = DagUITests;
			productName = TheChuaUITests;
			productReference = 566123881C9D334C00DD6E2E /* The Chua.xctest */;
			productType = "com.apple.product-type.bundle.ui-testing";
		};
/* End PBXNativeTarget section */

/* Begin PBXProject section */
		566123611C9D334C00DD6E2E /* Project object */ = {
			isa = PBXProject;
			attributes = {
				LastSwiftUpdateCheck = 0720;
				LastUpgradeCheck = 0720;
				ORGANIZATIONNAME = "The Hoang Dao";
				TargetAttributes = {
					566123681C9D334C00DD6E2E = {
						CreatedOnToolsVersion = 7.2.1;
						DevelopmentTeam = D3K5EA36S6;
						SystemCapabilities = {
							com.apple.Push = {
								enabled = 1;
							};
						};
					};
					5661237C1C9D334C00DD6E2E = {
						CreatedOnToolsVersion = 7.2.1;
						TestTargetID = 566123681C9D334C00DD6E2E;
					};
					566123871C9D334C00DD6E2E = {
						CreatedOnToolsVersion = 7.2.1;
						TestTargetID = 566123681C9D334C00DD6E2E;
					};
				};
			};
			buildConfigurationList = 566123641C9D334C00DD6E2E /* Build configuration list for PBXProject "The Chua" */;
			compatibilityVersion = "Xcode 3.2";
			developmentRegion = English;
			hasScannedForEncodings = 0;
			knownRegions = (
				Base,
			);
			mainGroup = 566123601C9D334C00DD6E2E;
			productRefGroup = 5661236A1C9D334C00DD6E2E /* Products */;
			projectDirPath = "";
			projectRoot = "";
			targets = (
				566123681C9D334C00DD6E2E /* The Chua */,
				5661237C1C9D334C00DD6E2E /* DagTests */,
				566123871C9D334C00DD6E2E /* DagUITests */,
			);
		};
/* End PBXProject section */

/* Begin PBXResourcesBuildPhase section */
		566123671C9D334C00DD6E2E /* Resources */ = {
			isa = PBXResourcesBuildPhase;
			buildActionMask = 2147483647;
			files = (
				56F45FFB1CA0056C00FB9016 /* ProfileTableViewHeaderView.xib in Resources */,
				56A7227C1CF44A79005CFF85 /* SukienTableViewCell.xib in Resources */,
				56BE3E641CA2A3F9009AC4ED /* DoiquaTableViewCell.xib in Resources */,
				566123741C9D334C00DD6E2E /* Assets.xcassets in Resources */,
				569ABB5D1C9F11FE003EE03D /* SanxuCustomTableViewHeaderFooterView.xib in Resources */,
				5661460C1CDB93F60042E103 /* LichsunhanxuCustomTableViewCell.xib in Resources */,
				56F108BB1CE83A0B00303B72 /* ScreenLaunch.storyboard in Resources */,
				566123721C9D334C00DD6E2E /* Main.storyboard in Resources */,
				5644EA811D091884006DB482 /* RRSTableViewCell.xib in Resources */,
				564AA41C1C9FE16F00ACC2C6 /* OffersView.xib in Resources */,
				56E025EA1D066A69000C9A13 /* SanxuFooterTableViewHeaderFooterView.xib in Resources */,
				5661461A1CDCF5720042E103 /* HistoryRedeemTableViewCell.xib in Resources */,
				56A722761CF421C0005CFF85 /* EmptyTableView.xib in Resources */,
				5670B5BA1D0FF290004F8C3A /* GoogleService-Info.plist in Resources */,
			);
			runOnlyForDeploymentPostprocessing = 0;
		};
		5661237B1C9D334C00DD6E2E /* Resources */ = {
			isa = PBXResourcesBuildPhase;
			buildActionMask = 2147483647;
			files = (
				5670B5BB1D0FF290004F8C3A /* GoogleService-Info.plist in Resources */,
			);
			runOnlyForDeploymentPostprocessing = 0;
		};
		566123861C9D334C00DD6E2E /* Resources */ = {
			isa = PBXResourcesBuildPhase;
			buildActionMask = 2147483647;
			files = (
				5670B5BC1D0FF290004F8C3A /* GoogleService-Info.plist in Resources */,
			);
			runOnlyForDeploymentPostprocessing = 0;
		};
/* End PBXResourcesBuildPhase section */

/* Begin PBXShellScriptBuildPhase section */
		29CFE94D61CBC00DD93BC909 /* [CP] Embed Pods Frameworks */ = {
			isa = PBXShellScriptBuildPhase;
			buildActionMask = 2147483647;
			files = (
			);
			inputPaths = (
			);
			name = "[CP] Embed Pods Frameworks";
			outputPaths = (
			);
			runOnlyForDeploymentPostprocessing = 0;
			shellPath = /bin/sh;
			shellScript = "\"${SRCROOT}/Pods/Target Support Files/Pods-The Chua/Pods-The Chua-frameworks.sh\"\n";
			showEnvVarsInLog = 0;
		};
		447BDF644260CEB02FED31BC /* [CP] Copy Pods Resources */ = {
			isa = PBXShellScriptBuildPhase;
			buildActionMask = 2147483647;
			files = (
			);
			inputPaths = (
			);
			name = "[CP] Copy Pods Resources";
			outputPaths = (
			);
			runOnlyForDeploymentPostprocessing = 0;
			shellPath = /bin/sh;
			shellScript = "\"${SRCROOT}/Pods/Target Support Files/Pods-The Chua/Pods-The Chua-resources.sh\"\n";
			showEnvVarsInLog = 0;
		};
		936E230750C560AF994C273D /* [CP] Check Pods Manifest.lock */ = {
			isa = PBXShellScriptBuildPhase;
			buildActionMask = 2147483647;
			files = (
			);
			inputPaths = (
			);
			name = "[CP] Check Pods Manifest.lock";
			outputPaths = (
			);
			runOnlyForDeploymentPostprocessing = 0;
			shellPath = /bin/sh;
			shellScript = "diff \"${PODS_ROOT}/../Podfile.lock\" \"${PODS_ROOT}/Manifest.lock\" > /dev/null\nif [[ $? != 0 ]] ; then\n    cat << EOM\nerror: The sandbox is not in sync with the Podfile.lock. Run 'pod install' or update your CocoaPods installation.\nEOM\n    exit 1\nfi\n";
			showEnvVarsInLog = 0;
		};
/* End PBXShellScriptBuildPhase section */

/* Begin PBXSourcesBuildPhase section */
		566123651C9D334C00DD6E2E /* Sources */ = {
			isa = PBXSourcesBuildPhase;
			buildActionMask = 2147483647;
			files = (
				5661236F1C9D334C00DD6E2E /* SanxuViewController.swift in Sources */,
				56DBB9C91CB158D0001EA9D3 /* LinkServe.swift in Sources */,
				5611624E1CCF7F980040E2EF /* UpdatePoint.swift in Sources */,
				56E28FED1CDF3E49007E80FC /* UserModel.swift in Sources */,
				566146161CDCF1350042E103 /* HistoryRedeemViewController.swift in Sources */,
				569ABB5B1C9F07AC003EE03D /* SanxuCustomTableViewHeaderFooterView.swift in Sources */,
				56F45FFD1CA0326300FB9016 /* SukienViewController.swift in Sources */,
				56F7B1801CBBE4310091889C /* UserInfoModel.swift in Sources */,
				56F704C91CB14D52007F457A /* OffersInfo.swift in Sources */,
				566146121CDC3EF30042E103 /* LichsudoiquaModel.swift in Sources */,
				56F45FF91CA0051900FB9016 /* ProfileTableViewHeaderFooterView.swift in Sources */,
				5644EA801D091884006DB482 /* RRSTableViewCell.swift in Sources */,
				5625F02B1CDD93B500316B85 /* Loading.swift in Sources */,
				56C07BFE1CB17AE400CD0F48 /* SanxuDownloadViewController.swift in Sources */,
				5661236D1C9D334C00DD6E2E /* AppDelegate.swift in Sources */,
				56E1B5661CD1C76700C6A74A /* UIImageViewAsync.swift in Sources */,
				564AA41E1C9FE63500ACC2C6 /* OffersViewTableViewCell.swift in Sources */,
				56F45FF71CA001E600FB9016 /* ThemViewController.swift in Sources */,
				56E025EC1D06762A000C9A13 /* SanxuFooterTableViewHeaderFooterView.swift in Sources */,
				56B2F91A1CD617A300A458CF /* DownloadImage.swift in Sources */,
				56E28FEB1CDF3A35007E80FC /* LichsunhanxuModel.swift in Sources */,
				56DB0DF81CFD9E2B00FD36FE /* ShowSuKienFromServerViewController.swift in Sources */,
				5602308E1CF33E48005ECBA5 /* CardsModel.swift in Sources */,
				566146101CDB957C0042E103 /* LichsunhanxuViewController.swift in Sources */,
				5602308C1CF31BB2005ECBA5 /* TimeOut.swift in Sources */,
				56CCC8251CFFF401005291D3 /* DieuKhoanViewController.swift in Sources */,
				56A722181CF3F333005CFF85 /* EventsModel.swift in Sources */,
				56CA6CB21CF5A48000D32865 /* SukienActionViewController.swift in Sources */,
				56041CFF1CD5CDFA00CA1F82 /* CoreData.xcdatamodeld in Sources */,
				56BE3E601CA2A3CC009AC4ED /* DoiquaViewController.swift in Sources */,
				56CCC8271CFFF4C6005291D3 /* ThongtinViewController.swift in Sources */,
				56C63DE41CAE8EF6005620FE /* GetDataModel.swift in Sources */,
				56C07BF91CB16C2500CD0F48 /* LoginViewController.swift in Sources */,
				56A7227B1CF44A79005CFF85 /* SukienTableViewCell.swift in Sources */,
				5644EA751D08FF19006DB482 /* RRSViewController.swift in Sources */,
				56A722781CF422D2005CFF85 /* EmptyTableViewCell.swift in Sources */,
				56F108BD1CE872F000303B72 /* ShareFacebookModel.swift in Sources */,
				566146011CDB813D0042E103 /* CheckConnection.swift in Sources */,
				560FC5811CB7B99300625010 /* PostMethod.swift in Sources */,
				56BE3E631CA2A3F9009AC4ED /* DoiquaTableViewCell.swift in Sources */,
				566146191CDCF5720042E103 /* HistoryRedeemTableViewCell.swift in Sources */,
				5661460E1CDB95430042E103 /* LichsunhanxuTableViewCell.swift in Sources */,
			);
			runOnlyForDeploymentPostprocessing = 0;
		};
		566123791C9D334C00DD6E2E /* Sources */ = {
			isa = PBXSourcesBuildPhase;
			buildActionMask = 2147483647;
			files = (
				566123821C9D334C00DD6E2E /* TheChuaTests.swift in Sources */,
			);
			runOnlyForDeploymentPostprocessing = 0;
		};
		566123841C9D334C00DD6E2E /* Sources */ = {
			isa = PBXSourcesBuildPhase;
			buildActionMask = 2147483647;
			files = (
				5661238D1C9D334C00DD6E2E /* TheChuaUITests.swift in Sources */,
			);
			runOnlyForDeploymentPostprocessing = 0;
		};
/* End PBXSourcesBuildPhase section */

/* Begin PBXTargetDependency section */
		5661237F1C9D334C00DD6E2E /* PBXTargetDependency */ = {
			isa = PBXTargetDependency;
			target = 566123681C9D334C00DD6E2E /* The Chua */;
			targetProxy = 5661237E1C9D334C00DD6E2E /* PBXContainerItemProxy */;
		};
		5661238A1C9D334C00DD6E2E /* PBXTargetDependency */ = {
			isa = PBXTargetDependency;
			target = 566123681C9D334C00DD6E2E /* The Chua */;
			targetProxy = 566123891C9D334C00DD6E2E /* PBXContainerItemProxy */;
		};
/* End PBXTargetDependency section */

/* Begin PBXVariantGroup section */
		566123701C9D334C00DD6E2E /* Main.storyboard */ = {
			isa = PBXVariantGroup;
			children = (
				566123711C9D334C00DD6E2E /* Base */,
				569127A01D114A26004EE48D /* vi */,
			);
			name = Main.storyboard;
			sourceTree = "<group>";
		};
/* End PBXVariantGroup section */

/* Begin XCBuildConfiguration section */
		5661238F1C9D334C00DD6E2E /* Debug */ = {
			isa = XCBuildConfiguration;
			buildSettings = {
				ALWAYS_SEARCH_USER_PATHS = NO;
				CLANG_CXX_LANGUAGE_STANDARD = "gnu++0x";
				CLANG_CXX_LIBRARY = "libc++";
				CLANG_ENABLE_MODULES = YES;
				CLANG_ENABLE_OBJC_ARC = YES;
				CLANG_WARN_BOOL_CONVERSION = YES;
				CLANG_WARN_CONSTANT_CONVERSION = YES;
				CLANG_WARN_DIRECT_OBJC_ISA_USAGE = YES_ERROR;
				CLANG_WARN_EMPTY_BODY = YES;
				CLANG_WARN_ENUM_CONVERSION = YES;
				CLANG_WARN_INT_CONVERSION = YES;
				CLANG_WARN_OBJC_ROOT_CLASS = YES_ERROR;
				CLANG_WARN_UNREACHABLE_CODE = YES;
				CLANG_WARN__DUPLICATE_METHOD_MATCH = YES;
				"CODE_SIGN_IDENTITY[sdk=iphoneos*]" = "iPhone Developer";
				COPY_PHASE_STRIP = NO;
				DEBUG_INFORMATION_FORMAT = dwarf;
				ENABLE_STRICT_OBJC_MSGSEND = YES;
				ENABLE_TESTABILITY = YES;
				FRAMEWORK_SEARCH_PATHS = (
					"$(interited)",
					"~/Documents/FacebookSDK/**",
				);
				GCC_C_LANGUAGE_STANDARD = gnu99;
				GCC_DYNAMIC_NO_PIC = NO;
				GCC_NO_COMMON_BLOCKS = YES;
				GCC_OPTIMIZATION_LEVEL = 0;
				GCC_PREPROCESSOR_DEFINITIONS = (
					"DEBUG=1",
					"$(inherited)",
				);
				GCC_WARN_64_TO_32_BIT_CONVERSION = YES;
				GCC_WARN_ABOUT_RETURN_TYPE = YES_ERROR;
				GCC_WARN_UNDECLARED_SELECTOR = YES;
				GCC_WARN_UNINITIALIZED_AUTOS = YES_AGGRESSIVE;
				GCC_WARN_UNUSED_FUNCTION = YES;
				GCC_WARN_UNUSED_VARIABLE = YES;
				IPHONEOS_DEPLOYMENT_TARGET = 9.2;
				MTL_ENABLE_DEBUG_INFO = YES;
				ONLY_ACTIVE_ARCH = YES;
				"OTHER_LDFLAGS[arch=*]" = /Users/hoangdao/Documents/FacebookSDK/Bolts.framework/Bolts;
				PROVISIONING_PROFILE = "0d8f0b99-f75f-4435-a632-b69e7cbfb91d";
				SDKROOT = iphoneos;
				SWIFT_OPTIMIZATION_LEVEL = "-Onone";
				TARGETED_DEVICE_FAMILY = "1,2";
			};
			name = Debug;
		};
		566123901C9D334C00DD6E2E /* Release */ = {
			isa = XCBuildConfiguration;
			buildSettings = {
				ALWAYS_SEARCH_USER_PATHS = NO;
				CLANG_CXX_LANGUAGE_STANDARD = "gnu++0x";
				CLANG_CXX_LIBRARY = "libc++";
				CLANG_ENABLE_MODULES = YES;
				CLANG_ENABLE_OBJC_ARC = YES;
				CLANG_WARN_BOOL_CONVERSION = YES;
				CLANG_WARN_CONSTANT_CONVERSION = YES;
				CLANG_WARN_DIRECT_OBJC_ISA_USAGE = YES_ERROR;
				CLANG_WARN_EMPTY_BODY = YES;
				CLANG_WARN_ENUM_CONVERSION = YES;
				CLANG_WARN_INT_CONVERSION = YES;
				CLANG_WARN_OBJC_ROOT_CLASS = YES_ERROR;
				CLANG_WARN_UNREACHABLE_CODE = YES;
				CLANG_WARN__DUPLICATE_METHOD_MATCH = YES;
				"CODE_SIGN_IDENTITY[sdk=iphoneos*]" = "iPhone Developer";
				COPY_PHASE_STRIP = NO;
				DEBUG_INFORMATION_FORMAT = "dwarf-with-dsym";
				ENABLE_NS_ASSERTIONS = NO;
				ENABLE_STRICT_OBJC_MSGSEND = YES;
				FRAMEWORK_SEARCH_PATHS = (
					"$(interited)",
					"~/Documents/FacebookSDK/**",
				);
				GCC_C_LANGUAGE_STANDARD = gnu99;
				GCC_NO_COMMON_BLOCKS = YES;
				GCC_WARN_64_TO_32_BIT_CONVERSION = YES;
				GCC_WARN_ABOUT_RETURN_TYPE = YES_ERROR;
				GCC_WARN_UNDECLARED_SELECTOR = YES;
				GCC_WARN_UNINITIALIZED_AUTOS = YES_AGGRESSIVE;
				GCC_WARN_UNUSED_FUNCTION = YES;
				GCC_WARN_UNUSED_VARIABLE = YES;
				IPHONEOS_DEPLOYMENT_TARGET = 9.2;
				MTL_ENABLE_DEBUG_INFO = NO;
				"OTHER_LDFLAGS[arch=*]" = /Users/hoangdao/Documents/FacebookSDK/Bolts.framework/Bolts;
				PROVISIONING_PROFILE = "0d8f0b99-f75f-4435-a632-b69e7cbfb91d";
				SDKROOT = iphoneos;
				TARGETED_DEVICE_FAMILY = "1,2";
				VALIDATE_PRODUCT = YES;
			};
			name = Release;
		};
		566123921C9D334C00DD6E2E /* Debug */ = {
			isa = XCBuildConfiguration;
			baseConfigurationReference = 06DC8CA8993E555E643B98AF /* Pods-The Chua.debug.xcconfig */;
			buildSettings = {
				ALWAYS_SEARCH_USER_PATHS = NO;
				ASSETCATALOG_COMPILER_APPICON_NAME = AppIcon;
				CODE_SIGN_IDENTITY = "iPhone Developer: daothehoang@gmail.com (K3C48BR7QA)";
				"CODE_SIGN_IDENTITY[sdk=iphoneos*]" = "iPhone Developer: daothehoang@gmail.com (K3C48BR7QA)";
				FRAMEWORK_SEARCH_PATHS = (
					"~/Documents/FacebookSDK/**",
					"$(inherited)",
				);
				HEADER_SEARCH_PATHS = "$(inherited)";
				INFOPLIST_FILE = TheChua/Info.plist;
				IPHONEOS_DEPLOYMENT_TARGET = 8.3;
				LD_RUNPATH_SEARCH_PATHS = "$(inherited) @executable_path/Frameworks";
				LIBRARY_SEARCH_PATHS = "$(inherited)";
				PRODUCT_BUNDLE_IDENTIFIER = hoangdao.TheChua;
				PRODUCT_MODULE_NAME = "$(PRODUCT_NAME:c99extidentifier)";
				PRODUCT_NAME = "$(TARGET_NAME)";
				PROVISIONING_PROFILE = "a4e90ce3-3779-4b92-a0cb-78c4d2cf2e4f";
				SWIFT_OBJC_BRIDGING_HEADER = "$(SRCROOT)/TheChua/TheChua-Bridging-Header.h";
				SWIFT_OBJC_INTERFACE_HEADER_NAME = "$(SWIFT_MODULE_NAME)-Swift.h";
				TARGETED_DEVICE_FAMILY = 1;
			};
			name = Debug;
		};
		566123931C9D334C00DD6E2E /* Release */ = {
			isa = XCBuildConfiguration;
			baseConfigurationReference = 7D2106E8BEFBC2D1F9FC1E11 /* Pods-The Chua.release.xcconfig */;
			buildSettings = {
				ALWAYS_SEARCH_USER_PATHS = NO;
				ASSETCATALOG_COMPILER_APPICON_NAME = AppIcon;
				CODE_SIGN_IDENTITY = "iPhone Developer: daothehoang@gmail.com (K3C48BR7QA)";
				"CODE_SIGN_IDENTITY[sdk=iphoneos*]" = "iPhone Developer: daothehoang@gmail.com (K3C48BR7QA)";
				FRAMEWORK_SEARCH_PATHS = (
					"~/Documents/FacebookSDK/**",
					"$(inherited)",
				);
				HEADER_SEARCH_PATHS = "$(inherited)";
				INFOPLIST_FILE = TheChua/Info.plist;
				IPHONEOS_DEPLOYMENT_TARGET = 8.3;
				LD_RUNPATH_SEARCH_PATHS = "$(inherited) @executable_path/Frameworks";
				LIBRARY_SEARCH_PATHS = "$(inherited)";
				PRODUCT_BUNDLE_IDENTIFIER = hoangdao.TheChua;
				PRODUCT_MODULE_NAME = "$(PRODUCT_NAME:c99extidentifier)";
				PRODUCT_NAME = "$(TARGET_NAME)";
				PROVISIONING_PROFILE = "a4e90ce3-3779-4b92-a0cb-78c4d2cf2e4f";
				SWIFT_OBJC_BRIDGING_HEADER = "$(SRCROOT)/TheChua/TheChua-Bridging-Header.h";
				SWIFT_OBJC_INTERFACE_HEADER_NAME = "$(SWIFT_MODULE_NAME)-Swift.h";
				SWIFT_OPTIMIZATION_LEVEL = "-O";
				TARGETED_DEVICE_FAMILY = 1;
			};
			name = Release;
		};
		566123951C9D334C00DD6E2E /* Debug */ = {
			isa = XCBuildConfiguration;
			buildSettings = {
				BUNDLE_LOADER = "$(TEST_HOST)";
				INFOPLIST_FILE = TheChuaTests/Info.plist;
				LD_RUNPATH_SEARCH_PATHS = "$(inherited) @executable_path/Frameworks @loader_path/Frameworks";
				PRODUCT_BUNDLE_IDENTIFIER = hoangdao.TheChuaTests;
				PRODUCT_NAME = "The Chua";
				TEST_HOST = "$(BUILT_PRODUCTS_DIR)/Dag.app/Dag";
			};
			name = Debug;
		};
		566123961C9D334C00DD6E2E /* Release */ = {
			isa = XCBuildConfiguration;
			buildSettings = {
				BUNDLE_LOADER = "$(TEST_HOST)";
				INFOPLIST_FILE = TheChuaTests/Info.plist;
				LD_RUNPATH_SEARCH_PATHS = "$(inherited) @executable_path/Frameworks @loader_path/Frameworks";
				PRODUCT_BUNDLE_IDENTIFIER = hoangdao.TheChuaTests;
				PRODUCT_NAME = "The Chua";
				TEST_HOST = "$(BUILT_PRODUCTS_DIR)/Dag.app/Dag";
			};
			name = Release;
		};
		566123981C9D334C00DD6E2E /* Debug */ = {
			isa = XCBuildConfiguration;
			buildSettings = {
				CLANG_ALLOW_NON_MODULAR_INCLUDES_IN_FRAMEWORK_MODULES = YES;
				FRAMEWORK_SEARCH_PATHS = Documents/FacebookSDK;
				INFOPLIST_FILE = TheChuaUITests/Info.plist;
				LD_RUNPATH_SEARCH_PATHS = "$(inherited) @executable_path/Frameworks @loader_path/Frameworks";
				PRODUCT_BUNDLE_IDENTIFIER = hoangdao.TheChuaUITests;
				PRODUCT_NAME = "The Chua";
				TEST_TARGET_NAME = TheChua;
				USES_XCTRUNNER = YES;
			};
			name = Debug;
		};
		566123991C9D334C00DD6E2E /* Release */ = {
			isa = XCBuildConfiguration;
			buildSettings = {
				CLANG_ALLOW_NON_MODULAR_INCLUDES_IN_FRAMEWORK_MODULES = YES;
				FRAMEWORK_SEARCH_PATHS = Documents/FacebookSDK;
				INFOPLIST_FILE = TheChuaUITests/Info.plist;
				LD_RUNPATH_SEARCH_PATHS = "$(inherited) @executable_path/Frameworks @loader_path/Frameworks";
				PRODUCT_BUNDLE_IDENTIFIER = hoangdao.TheChuaUITests;
				PRODUCT_NAME = "The Chua";
				TEST_TARGET_NAME = TheChua;
				USES_XCTRUNNER = YES;
			};
			name = Release;
		};
/* End XCBuildConfiguration section */

/* Begin XCConfigurationList section */
		566123641C9D334C00DD6E2E /* Build configuration list for PBXProject "The Chua" */ = {
			isa = XCConfigurationList;
			buildConfigurations = (
				5661238F1C9D334C00DD6E2E /* Debug */,
				566123901C9D334C00DD6E2E /* Release */,
			);
			defaultConfigurationIsVisible = 0;
			defaultConfigurationName = Release;
		};
		566123911C9D334C00DD6E2E /* Build configuration list for PBXNativeTarget "The Chua" */ = {
			isa = XCConfigurationList;
			buildConfigurations = (
				566123921C9D334C00DD6E2E /* Debug */,
				566123931C9D334C00DD6E2E /* Release */,
			);
			defaultConfigurationIsVisible = 0;
			defaultConfigurationName = Release;
		};
		566123941C9D334C00DD6E2E /* Build configuration list for PBXNativeTarget "DagTests" */ = {
			isa = XCConfigurationList;
			buildConfigurations = (
				566123951C9D334C00DD6E2E /* Debug */,
				566123961C9D334C00DD6E2E /* Release */,
			);
			defaultConfigurationIsVisible = 0;
			defaultConfigurationName = Release;
		};
		566123971C9D334C00DD6E2E /* Build configuration list for PBXNativeTarget "DagUITests" */ = {
			isa = XCConfigurationList;
			buildConfigurations = (
				566123981C9D334C00DD6E2E /* Debug */,
				566123991C9D334C00DD6E2E /* Release */,
			);
			defaultConfigurationIsVisible = 0;
			defaultConfigurationName = Release;
		};
/* End XCConfigurationList section */

/* Begin XCVersionGroup section */
		56041CFD1CD5CDFA00CA1F82 /* CoreData.xcdatamodeld */ = {
			isa = XCVersionGroup;
			children = (
				56041CFE1CD5CDFA00CA1F82 /* CoreData.xcdatamodel */,
			);
			currentVersion = 56041CFE1CD5CDFA00CA1F82 /* CoreData.xcdatamodel */;
			path = CoreData.xcdatamodeld;
			sourceTree = "<group>";
			versionGroupType = wrapper.xcdatamodel;
		};
/* End XCVersionGroup section */
	};
	rootObject = 566123611C9D334C00DD6E2E /* Project object */;
}
